
Microsoft Visual Studio Solution File, Format Version 12.00
# Visual Studio Version 16
VisualStudioVersion = 16.6.30114.105
MinimumVisualStudioVersion = 10.0.40219.1
Project("{FAE04EC0-301F-11D3-BF4B-00C04F79EFBC}") = "API", "API\API.csproj", "{FDF5C85B-A719-4D1C-AD48-1A655F2B8782}"
EndProject
Project("{FAE04EC0-301F-11D3-BF4B-00C04F79EFBC}") = "Core", "core\Core.csproj", "{26A46ACC-8E1F-4572-A20E-B27C95263EFC}"
EndProject
Project("{FAE04EC0-301F-11D3-BF4B-00C04F79EFBC}") = "Infrastructure", "Infrastructure\Infrastructure.csproj", "{D10E1128-AD84-4591-B6AF-C4A17EDF2DDE}"
EndProject
Global
	GlobalSection(SolutionConfigurationPlatforms) = preSolution
		Debug|Any CPU = Debug|Any CPU
		Debug|x64 = Debug|x64
		Debug|x86 = Debug|x86
		Release|Any CPU = Release|Any CPU
		Release|x64 = Release|x64
		Release|x86 = Release|x86
	EndGlobalSection
	GlobalSection(SolutionProperties) = preSolution
		HideSolutionNode = FALSE
	EndGlobalSection
	GlobalSection(ProjectConfigurationPlatforms) = postSolution
		{FDF5C85B-A719-4D1C-AD48-1A655F2B8782}.Debug|Any CPU.ActiveCfg = Debug|Any CPU
		{FDF5C85B-A719-4D1C-AD48-1A655F2B8782}.Debug|Any CPU.Build.0 = Debug|Any CPU
		{FDF5C85B-A719-4D1C-AD48-1A655F2B8782}.Debug|x64.ActiveCfg = Debug|Any CPU
		{FDF5C85B-A719-4D1C-AD48-1A655F2B8782}.Debug|x64.Build.0 = Debug|Any CPU
		{FDF5C85B-A719-4D1C-AD48-1A655F2B8782}.Debug|x86.ActiveCfg = Debug|Any CPU
		{FDF5C85B-A719-4D1C-AD48-1A655F2B8782}.Debug|x86.Build.0 = Debug|Any CPU
		{FDF5C85B-A719-4D1C-AD48-1A655F2B8782}.Release|Any CPU.ActiveCfg = Release|Any CPU
		{FDF5C85B-A719-4D1C-AD48-1A655F2B8782}.Release|Any CPU.Build.0 = Release|Any CPU
		{FDF5C85B-A719-4D1C-AD48-1A655F2B8782}.Release|x64.ActiveCfg = Release|Any CPU
		{FDF5C85B-A719-4D1C-AD48-1A655F2B8782}.Release|x64.Build.0 = Release|Any CPU
		{FDF5C85B-A719-4D1C-AD48-1A655F2B8782}.Release|x86.ActiveCfg = Release|Any CPU
		{FDF5C85B-A719-4D1C-AD48-1A655F2B8782}.Release|x86.Build.0 = Release|Any CPU
		{26A46ACC-8E1F-4572-A20E-B27C95263EFC}.Debug|Any CPU.ActiveCfg = Debug|Any CPU
		{26A46ACC-8E1F-4572-A20E-B27C95263EFC}.Debug|Any CPU.Build.0 = Debug|Any CPU
		{26A46ACC-8E1F-4572-A20E-B27C95263EFC}.Debug|x64.ActiveCfg = Debug|Any CPU
		{26A46ACC-8E1F-4572-A20E-B27C95263EFC}.Debug|x64.Build.0 = Debug|Any CPU
		{26A46ACC-8E1F-4572-A20E-B27C95263EFC}.Debug|x86.ActiveCfg = Debug|Any CPU
		{26A46ACC-8E1F-4572-A20E-B27C95263EFC}.Debug|x86.Build.0 = Debug|Any CPU
		{26A46ACC-8E1F-4572-A20E-B27C95263EFC}.Release|Any CPU.ActiveCfg = Release|Any CPU
		{26A46ACC-8E1F-4572-A20E-B27C95263EFC}.Release|Any CPU.Build.0 = Release|Any CPU
		{26A46ACC-8E1F-4572-A20E-B27C95263EFC}.Release|x64.ActiveCfg = Release|Any CPU
		{26A46ACC-8E1F-4572-A20E-B27C95263EFC}.Release|x64.Build.0 = Release|Any CPU
		{26A46ACC-8E1F-4572-A20E-B27C95263EFC}.Release|x86.ActiveCfg = Release|Any CPU
		{26A46ACC-8E1F-4572-A20E-B27C95263EFC}.Release|x86.Build.0 = Release|Any CPU
		{D10E1128-AD84-4591-B6AF-C4A17EDF2DDE}.Debug|Any CPU.ActiveCfg = Debug|Any CPU
		{D10E1128-AD84-4591-B6AF-C4A17EDF2DDE}.Debug|Any CPU.Build.0 = Debug|Any CPU
		{D10E1128-AD84-4591-B6AF-C4A17EDF2DDE}.Debug|x64.ActiveCfg = Debug|Any CPU
		{D10E1128-AD84-4591-B6AF-C4A17EDF2DDE}.Debug|x64.Build.0 = Debug|Any CPU
		{D10E1128-AD84-4591-B6AF-C4A17EDF2DDE}.Debug|x86.ActiveCfg = Debug|Any CPU
		{D10E1128-AD84-4591-B6AF-C4A17EDF2DDE}.Debug|x86.Build.0 = Debug|Any CPU
		{D10E1128-AD84-4591-B6AF-C4A17EDF2DDE}.Release|Any CPU.ActiveCfg = Release|Any CPU
		{D10E1128-AD84-4591-B6AF-C4A17EDF2DDE}.Release|Any CPU.Build.0 = Release|Any CPU
		{D10E1128-AD84-4591-B6AF-C4A17EDF2DDE}.Release|x64.ActiveCfg = Release|Any CPU
		{D10E1128-AD84-4591-B6AF-C4A17EDF2DDE}.Release|x64.Build.0 = Release|Any CPU
		{D10E1128-AD84-4591-B6AF-C4A17EDF2DDE}.Release|x86.ActiveCfg = Release|Any CPU
		{D10E1128-AD84-4591-B6AF-C4A17EDF2DDE}.Release|x86.Build.0 = Release|Any CPU
	EndGlobalSection
EndGlobal
